
Microsoft Visual Studio Solution File, Format Version 12.00
# Visual Studio Version 17
VisualStudioVersion = 17.2.32505.173
MinimumVisualStudioVersion = 10.0.40219.1
Project("{9A19103F-16F7-4668-BE54-9A1E7A4F7556}") = "Luveck.Service.Security", "Luveck.Service.Security\Luveck.Service.Security.csproj", "{C0F3801D-CF24-4314-8543-769A9F9E9D94}"
EndProject
Project("{9A19103F-16F7-4668-BE54-9A1E7A4F7556}") = "Luveck.Service.Administration", "Luveck.Service.Adminitation\Luveck.Service.Administration.csproj", "{161F2DAC-470A-49C6-A5C6-92CFA9FB8636}"
EndProject
Global
	GlobalSection(SolutionConfigurationPlatforms) = preSolution
		Debug|Any CPU = Debug|Any CPU
		Release|Any CPU = Release|Any CPU
	EndGlobalSection
	GlobalSection(ProjectConfigurationPlatforms) = postSolution
		{C0F3801D-CF24-4314-8543-769A9F9E9D94}.Debug|Any CPU.ActiveCfg = Debug|Any CPU
		{C0F3801D-CF24-4314-8543-769A9F9E9D94}.Debug|Any CPU.Build.0 = Debug|Any CPU
		{C0F3801D-CF24-4314-8543-769A9F9E9D94}.Release|Any CPU.ActiveCfg = Release|Any CPU
		{C0F3801D-CF24-4314-8543-769A9F9E9D94}.Release|Any CPU.Build.0 = Release|Any CPU
		{161F2DAC-470A-49C6-A5C6-92CFA9FB8636}.Debug|Any CPU.ActiveCfg = Debug|Any CPU
		{161F2DAC-470A-49C6-A5C6-92CFA9FB8636}.Debug|Any CPU.Build.0 = Debug|Any CPU
		{161F2DAC-470A-49C6-A5C6-92CFA9FB8636}.Release|Any CPU.ActiveCfg = Release|Any CPU
		{161F2DAC-470A-49C6-A5C6-92CFA9FB8636}.Release|Any CPU.Build.0 = Release|Any CPU
	EndGlobalSection
	GlobalSection(SolutionProperties) = preSolution
		HideSolutionNode = FALSE
	EndGlobalSection
	GlobalSection(ExtensibilityGlobals) = postSolution
		SolutionGuid = {4C4A5AAE-3655-458E-BAC3-5AEA06C03F8E}
	EndGlobalSection
EndGlobal
